
Microsoft Visual Studio Solution File, Format Version 11.00
# Visual Studio 2010
Project("{FAE04EC0-301F-11D3-BF4B-00C04F79EFBC}") = "Assembly-CSharp-Editor", "Assembly-CSharp-Editor.csproj", "{70d8f01f-d477-c9a2-803a-390ebcc07426}"
EndProject
Project("{FAE04EC0-301F-11D3-BF4B-00C04F79EFBC}") = "Assembly-CSharp", "Assembly-CSharp.csproj", "{2a7f2d28-33b3-91ba-1c26-4188d7ca983f}"
EndProject
Global
	GlobalSection(SolutionConfigurationPlatforms) = preSolution
		Debug|Any CPU = Debug|Any CPU
	EndGlobalSection
	GlobalSection(ProjectConfigurationPlatforms) = postSolution
		{70d8f01f-d477-c9a2-803a-390ebcc07426}.Debug|Any CPU.ActiveCfg = Debug|Any CPU
		{70d8f01f-d477-c9a2-803a-390ebcc07426}.Debug|Any CPU.Build.0 = Debug|Any CPU
		{2a7f2d28-33b3-91ba-1c26-4188d7ca983f}.Debug|Any CPU.ActiveCfg = Debug|Any CPU
		{2a7f2d28-33b3-91ba-1c26-4188d7ca983f}.Debug|Any CPU.Build.0 = Debug|Any CPU
	EndGlobalSection
	GlobalSection(SolutionProperties) = preSolution
		HideSolutionNode = FALSE
	EndGlobalSection
EndGlobal
